
Microsoft Visual Studio Solution File, Format Version 12.00
# Visual Studio Version 16
VisualStudioVersion = 16.0.29424.173
MinimumVisualStudioVersion = 10.0.40219.1
Project("{FAE04EC0-301F-11D3-BF4B-00C04F79EFBC}") = "WS_Receiver", "WS_Receiver\WS_Receiver.csproj", "{B41CD99F-68FF-489F-8237-1FD3A947AF04}"
EndProject
Project("{FAE04EC0-301F-11D3-BF4B-00C04F79EFBC}") = "WS_Receiver.Tests", "WS_Receiver.Tests\WS_Receiver.Tests.csproj", "{156BDA68-C10D-460D-9581-9A169FC9DC32}"
EndProject
Global
	GlobalSection(SolutionConfigurationPlatforms) = preSolution
		Debug|Any CPU = Debug|Any CPU
		Release|Any CPU = Release|Any CPU
	EndGlobalSection
	GlobalSection(ProjectConfigurationPlatforms) = postSolution
		{B41CD99F-68FF-489F-8237-1FD3A947AF04}.Debug|Any CPU.ActiveCfg = Debug|Any CPU
		{B41CD99F-68FF-489F-8237-1FD3A947AF04}.Debug|Any CPU.Build.0 = Debug|Any CPU
		{B41CD99F-68FF-489F-8237-1FD3A947AF04}.Release|Any CPU.ActiveCfg = Release|Any CPU
		{B41CD99F-68FF-489F-8237-1FD3A947AF04}.Release|Any CPU.Build.0 = Release|Any CPU
		{156BDA68-C10D-460D-9581-9A169FC9DC32}.Debug|Any CPU.ActiveCfg = Debug|Any CPU
		{156BDA68-C10D-460D-9581-9A169FC9DC32}.Debug|Any CPU.Build.0 = Debug|Any CPU
		{156BDA68-C10D-460D-9581-9A169FC9DC32}.Release|Any CPU.ActiveCfg = Release|Any CPU
		{156BDA68-C10D-460D-9581-9A169FC9DC32}.Release|Any CPU.Build.0 = Release|Any CPU
	EndGlobalSection
	GlobalSection(SolutionProperties) = preSolution
		HideSolutionNode = FALSE
	EndGlobalSection
	GlobalSection(ExtensibilityGlobals) = postSolution
		SolutionGuid = {AAEE6579-03BA-49C9-8DCC-101C8E39FB3F}
	EndGlobalSection
EndGlobal
